
Microsoft Visual Studio Solution File, Format Version 12.00
# Visual Studio Version 16
VisualStudioVersion = 16.6.30114.105
MinimumVisualStudioVersion = 10.0.40219.1
Project("{2150E333-8FDC-42A3-9474-1A3956D46DE8}") = "src", "src", "{37F98D1A-B430-442A-B9E1-1580A4F39A10}"
EndProject
Project("{9A19103F-16F7-4668-BE54-9A1E7A4F7556}") = "EasyForNet", "src\EasyForNet\EasyForNet.csproj", "{F2216D98-E5E5-4565-A776-786179C63372}"
EndProject
Project("{2150E333-8FDC-42A3-9474-1A3956D46DE8}") = "tests", "tests", "{9384F4F3-EF01-4DF3-BA00-A9FB04207DC7}"
EndProject
Project("{9A19103F-16F7-4668-BE54-9A1E7A4F7556}") = "EasyForNet.Tests", "tests\EasyForNet.Tests\EasyForNet.Tests.csproj", "{21281FE1-A4B9-4210-B996-4F2F25666A06}"
EndProject
Project("{FAE04EC0-301F-11D3-BF4B-00C04F79EFBC}") = "EasyForNet.Tests.Share", "src\EasyForNet.Tests.Share\EasyForNet.Tests.Share.csproj", "{F4744D83-7F19-4591-B963-5C96A11A8766}"
EndProject
Project("{FAE04EC0-301F-11D3-BF4B-00C04F79EFBC}") = "EasyForNet.EntityFramework", "src\EasyForNet.EntityFramework\EasyForNet.EntityFramework.csproj", "{31709C36-F872-454A-8040-7EF55B503641}"
EndProject
Project("{FAE04EC0-301F-11D3-BF4B-00C04F79EFBC}") = "EasyForNet.EntityFramework.Tests", "tests\EasyForNet.EntityFramework.Tests\EasyForNet.EntityFramework.Tests.csproj", "{E5A19115-704B-4A46-9E47-982D846D6FE0}"
EndProject
Project("{2150E333-8FDC-42A3-9474-1A3956D46DE8}") = "SolutionItems", "SolutionItems", "{C429E812-E777-4AD6-9B5F-4D13525F5A7C}"
ProjectSection(SolutionItems) = preProject
	.gitattributes = .gitattributes
	.gitignore = .gitignore
	Directory.Build.props = Directory.Build.props
	PackAndPublish.cmd = PackAndPublish.cmd
EndProjectSection
EndProject
Project("{FAE04EC0-301F-11D3-BF4B-00C04F79EFBC}") = "EasyForNet.EfIntegrationTests.Share", "src\EasyForNet.EfIntegrationTests.Share\EasyForNet.EfIntegrationTests.Share.csproj", "{EB3F4662-48AE-4CE2-BA41-9845A571F162}"
EndProject
Global
	GlobalSection(SolutionConfigurationPlatforms) = preSolution
		Debug|Any CPU = Debug|Any CPU
		Debug|x64 = Debug|x64
		Debug|x86 = Debug|x86
		Release|Any CPU = Release|Any CPU
		Release|x64 = Release|x64
		Release|x86 = Release|x86
	EndGlobalSection
	GlobalSection(ProjectConfigurationPlatforms) = postSolution
		{F2216D98-E5E5-4565-A776-786179C63372}.Debug|Any CPU.ActiveCfg = Debug|Any CPU
		{F2216D98-E5E5-4565-A776-786179C63372}.Debug|Any CPU.Build.0 = Debug|Any CPU
		{F2216D98-E5E5-4565-A776-786179C63372}.Debug|x64.ActiveCfg = Debug|Any CPU
		{F2216D98-E5E5-4565-A776-786179C63372}.Debug|x64.Build.0 = Debug|Any CPU
		{F2216D98-E5E5-4565-A776-786179C63372}.Debug|x86.ActiveCfg = Debug|Any CPU
		{F2216D98-E5E5-4565-A776-786179C63372}.Debug|x86.Build.0 = Debug|Any CPU
		{F2216D98-E5E5-4565-A776-786179C63372}.Release|Any CPU.ActiveCfg = Release|Any CPU
		{F2216D98-E5E5-4565-A776-786179C63372}.Release|Any CPU.Build.0 = Release|Any CPU
		{F2216D98-E5E5-4565-A776-786179C63372}.Release|x64.ActiveCfg = Release|Any CPU
		{F2216D98-E5E5-4565-A776-786179C63372}.Release|x64.Build.0 = Release|Any CPU
		{F2216D98-E5E5-4565-A776-786179C63372}.Release|x86.ActiveCfg = Release|Any CPU
		{F2216D98-E5E5-4565-A776-786179C63372}.Release|x86.Build.0 = Release|Any CPU
		{21281FE1-A4B9-4210-B996-4F2F25666A06}.Debug|Any CPU.ActiveCfg = Debug|Any CPU
		{21281FE1-A4B9-4210-B996-4F2F25666A06}.Debug|Any CPU.Build.0 = Debug|Any CPU
		{21281FE1-A4B9-4210-B996-4F2F25666A06}.Debug|x64.ActiveCfg = Debug|Any CPU
		{21281FE1-A4B9-4210-B996-4F2F25666A06}.Debug|x64.Build.0 = Debug|Any CPU
		{21281FE1-A4B9-4210-B996-4F2F25666A06}.Debug|x86.ActiveCfg = Debug|Any CPU
		{21281FE1-A4B9-4210-B996-4F2F25666A06}.Debug|x86.Build.0 = Debug|Any CPU
		{21281FE1-A4B9-4210-B996-4F2F25666A06}.Release|Any CPU.ActiveCfg = Release|Any CPU
		{21281FE1-A4B9-4210-B996-4F2F25666A06}.Release|Any CPU.Build.0 = Release|Any CPU
		{21281FE1-A4B9-4210-B996-4F2F25666A06}.Release|x64.ActiveCfg = Release|Any CPU
		{21281FE1-A4B9-4210-B996-4F2F25666A06}.Release|x64.Build.0 = Release|Any CPU
		{21281FE1-A4B9-4210-B996-4F2F25666A06}.Release|x86.ActiveCfg = Release|Any CPU
		{21281FE1-A4B9-4210-B996-4F2F25666A06}.Release|x86.Build.0 = Release|Any CPU
		{F4744D83-7F19-4591-B963-5C96A11A8766}.Debug|Any CPU.ActiveCfg = Debug|Any CPU
		{F4744D83-7F19-4591-B963-5C96A11A8766}.Debug|Any CPU.Build.0 = Debug|Any CPU
		{F4744D83-7F19-4591-B963-5C96A11A8766}.Debug|x64.ActiveCfg = Debug|Any CPU
		{F4744D83-7F19-4591-B963-5C96A11A8766}.Debug|x64.Build.0 = Debug|Any CPU
		{F4744D83-7F19-4591-B963-5C96A11A8766}.Debug|x86.ActiveCfg = Debug|Any CPU
		{F4744D83-7F19-4591-B963-5C96A11A8766}.Debug|x86.Build.0 = Debug|Any CPU
		{F4744D83-7F19-4591-B963-5C96A11A8766}.Release|Any CPU.ActiveCfg = Release|Any CPU
		{F4744D83-7F19-4591-B963-5C96A11A8766}.Release|Any CPU.Build.0 = Release|Any CPU
		{F4744D83-7F19-4591-B963-5C96A11A8766}.Release|x64.ActiveCfg = Release|Any CPU
		{F4744D83-7F19-4591-B963-5C96A11A8766}.Release|x64.Build.0 = Release|Any CPU
		{F4744D83-7F19-4591-B963-5C96A11A8766}.Release|x86.ActiveCfg = Release|Any CPU
		{F4744D83-7F19-4591-B963-5C96A11A8766}.Release|x86.Build.0 = Release|Any CPU
		{31709C36-F872-454A-8040-7EF55B503641}.Debug|Any CPU.ActiveCfg = Debug|Any CPU
		{31709C36-F872-454A-8040-7EF55B503641}.Debug|Any CPU.Build.0 = Debug|Any CPU
		{31709C36-F872-454A-8040-7EF55B503641}.Debug|x64.ActiveCfg = Debug|Any CPU
		{31709C36-F872-454A-8040-7EF55B503641}.Debug|x64.Build.0 = Debug|Any CPU
		{31709C36-F872-454A-8040-7EF55B503641}.Debug|x86.ActiveCfg = Debug|Any CPU
		{31709C36-F872-454A-8040-7EF55B503641}.Debug|x86.Build.0 = Debug|Any CPU
		{31709C36-F872-454A-8040-7EF55B503641}.Release|Any CPU.ActiveCfg = Release|Any CPU
		{31709C36-F872-454A-8040-7EF55B503641}.Release|Any CPU.Build.0 = Release|Any CPU
		{31709C36-F872-454A-8040-7EF55B503641}.Release|x64.ActiveCfg = Release|Any CPU
		{31709C36-F872-454A-8040-7EF55B503641}.Release|x64.Build.0 = Release|Any CPU
		{31709C36-F872-454A-8040-7EF55B503641}.Release|x86.ActiveCfg = Release|Any CPU
		{31709C36-F872-454A-8040-7EF55B503641}.Release|x86.Build.0 = Release|Any CPU
		{E5A19115-704B-4A46-9E47-982D846D6FE0}.Debug|Any CPU.ActiveCfg = Debug|Any CPU
		{E5A19115-704B-4A46-9E47-982D846D6FE0}.Debug|Any CPU.Build.0 = Debug|Any CPU
		{E5A19115-704B-4A46-9E47-982D846D6FE0}.Debug|x64.ActiveCfg = Debug|Any CPU
		{E5A19115-704B-4A46-9E47-982D846D6FE0}.Debug|x64.Build.0 = Debug|Any CPU
		{E5A19115-704B-4A46-9E47-982D846D6FE0}.Debug|x86.ActiveCfg = Debug|Any CPU
		{E5A19115-704B-4A46-9E47-982D846D6FE0}.Debug|x86.Build.0 = Debug|Any CPU
		{E5A19115-704B-4A46-9E47-982D846D6FE0}.Release|Any CPU.ActiveCfg = Release|Any CPU
		{E5A19115-704B-4A46-9E47-982D846D6FE0}.Release|Any CPU.Build.0 = Release|Any CPU
		{E5A19115-704B-4A46-9E47-982D846D6FE0}.Release|x64.ActiveCfg = Release|Any CPU
		{E5A19115-704B-4A46-9E47-982D846D6FE0}.Release|x64.Build.0 = Release|Any CPU
		{E5A19115-704B-4A46-9E47-982D846D6FE0}.Release|x86.ActiveCfg = Release|Any CPU
		{E5A19115-704B-4A46-9E47-982D846D6FE0}.Release|x86.Build.0 = Release|Any CPU
		{EB3F4662-48AE-4CE2-BA41-9845A571F162}.Debug|Any CPU.ActiveCfg = Debug|Any CPU
		{EB3F4662-48AE-4CE2-BA41-9845A571F162}.Debug|Any CPU.Build.0 = Debug|Any CPU
		{EB3F4662-48AE-4CE2-BA41-9845A571F162}.Debug|x64.ActiveCfg = Debug|Any CPU
		{EB3F4662-48AE-4CE2-BA41-9845A571F162}.Debug|x64.Build.0 = Debug|Any CPU
		{EB3F4662-48AE-4CE2-BA41-9845A571F162}.Debug|x86.ActiveCfg = Debug|Any CPU
		{EB3F4662-48AE-4CE2-BA41-9845A571F162}.Debug|x86.Build.0 = Debug|Any CPU
		{EB3F4662-48AE-4CE2-BA41-9845A571F162}.Release|Any CPU.ActiveCfg = Release|Any CPU
		{EB3F4662-48AE-4CE2-BA41-9845A571F162}.Release|Any CPU.Build.0 = Release|Any CPU
		{EB3F4662-48AE-4CE2-BA41-9845A571F162}.Release|x64.ActiveCfg = Release|Any CPU
		{EB3F4662-48AE-4CE2-BA41-9845A571F162}.Release|x64.Build.0 = Release|Any CPU
		{EB3F4662-48AE-4CE2-BA41-9845A571F162}.Release|x86.ActiveCfg = Release|Any CPU
		{EB3F4662-48AE-4CE2-BA41-9845A571F162}.Release|x86.Build.0 = Release|Any CPU
	EndGlobalSection
	GlobalSection(SolutionProperties) = preSolution
		HideSolutionNode = FALSE
	EndGlobalSection
	GlobalSection(NestedProjects) = preSolution
		{F2216D98-E5E5-4565-A776-786179C63372} = {37F98D1A-B430-442A-B9E1-1580A4F39A10}
		{21281FE1-A4B9-4210-B996-4F2F25666A06} = {9384F4F3-EF01-4DF3-BA00-A9FB04207DC7}
		{F4744D83-7F19-4591-B963-5C96A11A8766} = {37F98D1A-B430-442A-B9E1-1580A4F39A10}
		{31709C36-F872-454A-8040-7EF55B503641} = {37F98D1A-B430-442A-B9E1-1580A4F39A10}
		{E5A19115-704B-4A46-9E47-982D846D6FE0} = {9384F4F3-EF01-4DF3-BA00-A9FB04207DC7}
		{EB3F4662-48AE-4CE2-BA41-9845A571F162} = {37F98D1A-B430-442A-B9E1-1580A4F39A10}
	EndGlobalSection
	GlobalSection(ExtensibilityGlobals) = postSolution
		SolutionGuid = {B311FEB8-5032-40B5-A212-85EDE2CB5E87}
	EndGlobalSection
EndGlobal
